// !$*UTF8*$!
{
	archiveVersion = 1;
	classes = {
	};
	objectVersion = 46;
	objects = {

/* Begin PBXBuildFile section */
		34BA9718833465AC8CCDCA01 /* Pods_xcconfig_sample.framework in Frameworks */ = {isa = PBXBuildFile; fileRef = 2D2817C30320C835AD4B56BA /* Pods_xcconfig_sample.framework */; };
		CE3EF7DE1F683A8D0066B0B0 /* Person.swift in Sources */ = {isa = PBXBuildFile; fileRef = CE3EF7DD1F683A8D0066B0B0 /* Person.swift */; };
		CE3FFEAF1F5ED2DC006854CB /* Debug.xcconfig in Resources */ = {isa = PBXBuildFile; fileRef = CE3FFEAD1F5ED2DC006854CB /* Debug.xcconfig */; };
		CE3FFEB01F5ED2DC006854CB /* Release.xcconfig in Resources */ = {isa = PBXBuildFile; fileRef = CE3FFEAE1F5ED2DC006854CB /* Release.xcconfig */; };
		CE3FFEB41F5ED2EB006854CB /* Combine.xcconfig in Resources */ = {isa = PBXBuildFile; fileRef = CE3FFEB11F5ED2EB006854CB /* Combine.xcconfig */; };
		CE3FFEB51F5ED2EB006854CB /* Common.xcconfig in Resources */ = {isa = PBXBuildFile; fileRef = CE3FFEB21F5ED2EB006854CB /* Common.xcconfig */; };
		CE3FFEB61F5ED2EB006854CB /* Version.xcconfig in Resources */ = {isa = PBXBuildFile; fileRef = CE3FFEB31F5ED2EB006854CB /* Version.xcconfig */; };
		CE3FFEBA1F5ED2F3006854CB /* Production.xcconfig in Resources */ = {isa = PBXBuildFile; fileRef = CE3FFEB71F5ED2F3006854CB /* Production.xcconfig */; };
		CE3FFEBB1F5ED2F3006854CB /* Qa.xcconfig in Resources */ = {isa = PBXBuildFile; fileRef = CE3FFEB81F5ED2F3006854CB /* Qa.xcconfig */; };
		CE3FFEBC1F5ED2F3006854CB /* Staging.xcconfig in Resources */ = {isa = PBXBuildFile; fileRef = CE3FFEB91F5ED2F3006854CB /* Staging.xcconfig */; };
		CEE6B8BA1F0BE2BF00977F8D /* AppDelegate.swift in Sources */ = {isa = PBXBuildFile; fileRef = CEE6B8B91F0BE2BF00977F8D /* AppDelegate.swift */; };
		CEE6B8BC1F0BE2BF00977F8D /* PeopleViewController.swift in Sources */ = {isa = PBXBuildFile; fileRef = CEE6B8BB1F0BE2BF00977F8D /* PeopleViewController.swift */; };
		CEE6B8C11F0BE2BF00977F8D /* Assets.xcassets in Resources */ = {isa = PBXBuildFile; fileRef = CEE6B8C01F0BE2BF00977F8D /* Assets.xcassets */; };
		CEE6B8C41F0BE2BF00977F8D /* LaunchScreen.storyboard in Resources */ = {isa = PBXBuildFile; fileRef = CEE6B8C21F0BE2BF00977F8D /* LaunchScreen.storyboard */; };
		CEE6B8CE1F0BE48C00977F8D /* NSBundle+UrlAccess.m in Sources */ = {isa = PBXBuildFile; fileRef = CEE6B8CD1F0BE48C00977F8D /* NSBundle+UrlAccess.m */; };
/* End PBXBuildFile section */

/* Begin PBXFileReference section */
		2D2817C30320C835AD4B56BA /* Pods_xcconfig_sample.framework */ = {isa = PBXFileReference; explicitFileType = wrapper.framework; includeInIndex = 0; path = Pods_xcconfig_sample.framework; sourceTree = BUILT_PRODUCTS_DIR; };
		CE3378FB1F5EE41D00CADA63 /* Team.xcconfig */ = {isa = PBXFileReference; lastKnownFileType = text.xcconfig; path = Team.xcconfig; sourceTree = "<group>"; };
		CE3378FC1F5EE45900CADA63 /* Debug.xcconfig */ = {isa = PBXFileReference; lastKnownFileType = text.xcconfig; path = Debug.xcconfig; sourceTree = "<group>"; };
		CE3378FD1F5EE46400CADA63 /* Internal.xcconfig */ = {isa = PBXFileReference; lastKnownFileType = text.xcconfig; path = Internal.xcconfig; sourceTree = "<group>"; };
		CE3378FE1F5EE46C00CADA63 /* Release.xcconfig */ = {isa = PBXFileReference; lastKnownFileType = text.xcconfig; path = Release.xcconfig; sourceTree = "<group>"; };
		CE3EF7DD1F683A8D0066B0B0 /* Person.swift */ = {isa = PBXFileReference; fileEncoding = 4; lastKnownFileType = sourcecode.swift; path = Person.swift; sourceTree = "<group>"; };
		CE3FFEAD1F5ED2DC006854CB /* Debug.xcconfig */ = {isa = PBXFileReference; fileEncoding = 4; lastKnownFileType = text.xcconfig; path = Debug.xcconfig; sourceTree = "<group>"; };
		CE3FFEAE1F5ED2DC006854CB /* Release.xcconfig */ = {isa = PBXFileReference; fileEncoding = 4; lastKnownFileType = text.xcconfig; path = Release.xcconfig; sourceTree = "<group>"; };
		CE3FFEB11F5ED2EB006854CB /* Combine.xcconfig */ = {isa = PBXFileReference; fileEncoding = 4; lastKnownFileType = text.xcconfig; path = Combine.xcconfig; sourceTree = "<group>"; };
		CE3FFEB21F5ED2EB006854CB /* Common.xcconfig */ = {isa = PBXFileReference; fileEncoding = 4; lastKnownFileType = text.xcconfig; path = Common.xcconfig; sourceTree = "<group>"; };
		CE3FFEB31F5ED2EB006854CB /* Version.xcconfig */ = {isa = PBXFileReference; fileEncoding = 4; lastKnownFileType = text.xcconfig; path = Version.xcconfig; sourceTree = "<group>"; };
		CE3FFEB71F5ED2F3006854CB /* Production.xcconfig */ = {isa = PBXFileReference; fileEncoding = 4; lastKnownFileType = text.xcconfig; path = Production.xcconfig; sourceTree = "<group>"; };
		CE3FFEB81F5ED2F3006854CB /* Qa.xcconfig */ = {isa = PBXFileReference; fileEncoding = 4; lastKnownFileType = text.xcconfig; path = Qa.xcconfig; sourceTree = "<group>"; };
		CE3FFEB91F5ED2F3006854CB /* Staging.xcconfig */ = {isa = PBXFileReference; fileEncoding = 4; lastKnownFileType = text.xcconfig; path = Staging.xcconfig; sourceTree = "<group>"; };
		CE49F1E61F55CB4800E11958 /* QaDebug.xcconfig */ = {isa = PBXFileReference; lastKnownFileType = text.xcconfig; path = QaDebug.xcconfig; sourceTree = "<group>"; };
		CE49F1E71F55CB5400E11958 /* QaRelease.xcconfig */ = {isa = PBXFileReference; lastKnownFileType = text.xcconfig; path = QaRelease.xcconfig; sourceTree = "<group>"; };
		CE49F1E81F55CB5D00E11958 /* StagingDebug.xcconfig */ = {isa = PBXFileReference; lastKnownFileType = text.xcconfig; path = StagingDebug.xcconfig; sourceTree = "<group>"; };
		CE49F1E91F55CB6700E11958 /* StagingRelease.xcconfig */ = {isa = PBXFileReference; lastKnownFileType = text.xcconfig; path = StagingRelease.xcconfig; sourceTree = "<group>"; };
		CE49F1EA1F55CB7200E11958 /* ProductionDebug.xcconfig */ = {isa = PBXFileReference; lastKnownFileType = text.xcconfig; path = ProductionDebug.xcconfig; sourceTree = "<group>"; };
		CE49F1EB1F55CB7C00E11958 /* ProductionRelease.xcconfig */ = {isa = PBXFileReference; lastKnownFileType = text.xcconfig; path = ProductionRelease.xcconfig; sourceTree = "<group>"; };
		CEE6B8B61F0BE2BF00977F8D /* XcconfigQa.app */ = {isa = PBXFileReference; explicitFileType = wrapper.application; includeInIndex = 0; path = XcconfigQa.app; sourceTree = BUILT_PRODUCTS_DIR; };
		CEE6B8B91F0BE2BF00977F8D /* AppDelegate.swift */ = {isa = PBXFileReference; lastKnownFileType = sourcecode.swift; path = AppDelegate.swift; sourceTree = "<group>"; };
		CEE6B8BB1F0BE2BF00977F8D /* PeopleViewController.swift */ = {isa = PBXFileReference; lastKnownFileType = sourcecode.swift; path = PeopleViewController.swift; sourceTree = "<group>"; };
		CEE6B8C01F0BE2BF00977F8D /* Assets.xcassets */ = {isa = PBXFileReference; lastKnownFileType = folder.assetcatalog; path = Assets.xcassets; sourceTree = "<group>"; };
		CEE6B8C31F0BE2BF00977F8D /* Base */ = {isa = PBXFileReference; lastKnownFileType = file.storyboard; name = Base; path = Base.lproj/LaunchScreen.storyboard; sourceTree = "<group>"; };
		CEE6B8C51F0BE2BF00977F8D /* Info.plist */ = {isa = PBXFileReference; lastKnownFileType = text.plist.xml; path = Info.plist; sourceTree = "<group>"; };
		CEE6B8CB1F0BE48C00977F8D /* xcconfig-sample-Bridging-Header.h */ = {isa = PBXFileReference; lastKnownFileType = sourcecode.c.h; path = "xcconfig-sample-Bridging-Header.h"; sourceTree = "<group>"; };
		CEE6B8CC1F0BE48C00977F8D /* NSBundle+UrlAccess.h */ = {isa = PBXFileReference; fileEncoding = 4; lastKnownFileType = sourcecode.c.h; path = "NSBundle+UrlAccess.h"; sourceTree = "<group>"; };
		CEE6B8CD1F0BE48C00977F8D /* NSBundle+UrlAccess.m */ = {isa = PBXFileReference; fileEncoding = 4; lastKnownFileType = sourcecode.c.objc; path = "NSBundle+UrlAccess.m"; sourceTree = "<group>"; };
/* End PBXFileReference section */

/* Begin PBXFrameworksBuildPhase section */
		CEE6B8B31F0BE2BF00977F8D /* Frameworks */ = {
			isa = PBXFrameworksBuildPhase;
			buildActionMask = 2147483647;
			files = (
				34BA9718833465AC8CCDCA01 /* Pods_xcconfig_sample.framework in Frameworks */,
			);
			runOnlyForDeploymentPostprocessing = 0;
		};
/* End PBXFrameworksBuildPhase section */

/* Begin PBXGroup section */
		86F7218D4519DD15A0CB55AF /* Pods */ = {
			isa = PBXGroup;
			children = (
			);
			name = Pods;
			sourceTree = "<group>";
		};
		ACBC5D1DA77FB9A1C385E0AD /* Frameworks */ = {
			isa = PBXGroup;
			children = (
				2D2817C30320C835AD4B56BA /* Pods_xcconfig_sample.framework */,
			);
			name = Frameworks;
			sourceTree = "<group>";
		};
		CE3378FA1F5EE3FA00CADA63 /* Provisioning */ = {
			isa = PBXGroup;
			children = (
				CE3378FB1F5EE41D00CADA63 /* Team.xcconfig */,
				CE3378FC1F5EE45900CADA63 /* Debug.xcconfig */,
				CE3378FD1F5EE46400CADA63 /* Internal.xcconfig */,
				CE3378FE1F5EE46C00CADA63 /* Release.xcconfig */,
			);
			path = Provisioning;
			sourceTree = "<group>";
		};
		CE3FFEAA1F5ED2A8006854CB /* Common */ = {
			isa = PBXGroup;
			children = (
				CE3FFEB11F5ED2EB006854CB /* Combine.xcconfig */,
				CE3FFEB21F5ED2EB006854CB /* Common.xcconfig */,
				CE3FFEB31F5ED2EB006854CB /* Version.xcconfig */,
			);
			path = Common;
			sourceTree = "<group>";
		};
		CE3FFEAB1F5ED2AE006854CB /* Build */ = {
			isa = PBXGroup;
			children = (
				CE3FFEAD1F5ED2DC006854CB /* Debug.xcconfig */,
				CE3FFEAE1F5ED2DC006854CB /* Release.xcconfig */,
			);
			path = Build;
			sourceTree = "<group>";
		};
		CE3FFEAC1F5ED2B3006854CB /* Environment */ = {
			isa = PBXGroup;
			children = (
				CE3FFEB71F5ED2F3006854CB /* Production.xcconfig */,
				CE3FFEB81F5ED2F3006854CB /* Qa.xcconfig */,
				CE3FFEB91F5ED2F3006854CB /* Staging.xcconfig */,
			);
			path = Environment;
			sourceTree = "<group>";
		};
		CEE6B8AD1F0BE2BF00977F8D = {
			isa = PBXGroup;
			children = (
				CEE6B8CF1F0BEC2000977F8D /* BuildConfiguration */,
				CEE6B8B81F0BE2BF00977F8D /* xcconfig-sample */,
				CEE6B8B71F0BE2BF00977F8D /* Products */,
				86F7218D4519DD15A0CB55AF /* Pods */,
				ACBC5D1DA77FB9A1C385E0AD /* Frameworks */,
			);
			sourceTree = "<group>";
		};
		CEE6B8B71F0BE2BF00977F8D /* Products */ = {
			isa = PBXGroup;
			children = (
				CEE6B8B61F0BE2BF00977F8D /* XcconfigQa.app */,
			);
			name = Products;
			sourceTree = "<group>";
		};
		CEE6B8B81F0BE2BF00977F8D /* xcconfig-sample */ = {
			isa = PBXGroup;
			children = (
				CEE6B8CC1F0BE48C00977F8D /* NSBundle+UrlAccess.h */,
				CEE6B8CB1F0BE48C00977F8D /* xcconfig-sample-Bridging-Header.h */,
				CEE6B8CD1F0BE48C00977F8D /* NSBundle+UrlAccess.m */,
				CEE6B8C51F0BE2BF00977F8D /* Info.plist */,
				CEE6B8B91F0BE2BF00977F8D /* AppDelegate.swift */,
				CEE6B8BB1F0BE2BF00977F8D /* PeopleViewController.swift */,
				CE3EF7DD1F683A8D0066B0B0 /* Person.swift */,
				CEE6B8C01F0BE2BF00977F8D /* Assets.xcassets */,
				CEE6B8C21F0BE2BF00977F8D /* LaunchScreen.storyboard */,
			);
			path = "xcconfig-sample";
			sourceTree = "<group>";
		};
		CEE6B8CF1F0BEC2000977F8D /* BuildConfiguration */ = {
			isa = PBXGroup;
			children = (
				CE49F1EA1F55CB7200E11958 /* ProductionDebug.xcconfig */,
				CE49F1EB1F55CB7C00E11958 /* ProductionRelease.xcconfig */,
				CE49F1E61F55CB4800E11958 /* QaDebug.xcconfig */,
				CE49F1E71F55CB5400E11958 /* QaRelease.xcconfig */,
				CE49F1E81F55CB5D00E11958 /* StagingDebug.xcconfig */,
				CE49F1E91F55CB6700E11958 /* StagingRelease.xcconfig */,
				CE3FFEAB1F5ED2AE006854CB /* Build */,
				CE3FFEAA1F5ED2A8006854CB /* Common */,
				CE3FFEAC1F5ED2B3006854CB /* Environment */,
				CE3378FA1F5EE3FA00CADA63 /* Provisioning */,
			);
			path = BuildConfiguration;
			sourceTree = "<group>";
		};
/* End PBXGroup section */

/* Begin PBXNativeTarget section */
		CEE6B8B51F0BE2BF00977F8D /* xcconfig-sample */ = {
			isa = PBXNativeTarget;
			buildConfigurationList = CEE6B8C81F0BE2BF00977F8D /* Build configuration list for PBXNativeTarget "xcconfig-sample" */;
			buildPhases = (
				D125B77B5AA80A636D3FA9AF /* [CP] Check Pods Manifest.lock */,
				CEE6B8B21F0BE2BF00977F8D /* Sources */,
				CEE6B8B31F0BE2BF00977F8D /* Frameworks */,
				CEE6B8B41F0BE2BF00977F8D /* Resources */,
				0B24783B49C50C028BB10379 /* [CP] Embed Pods Frameworks */,
				397739EA7F1FAED0A0CA9A58 /* [CP] Copy Pods Resources */,
			);
			buildRules = (
			);
			dependencies = (
			);
			name = "xcconfig-sample";
			productName = "xcconfig-sample";
			productReference = CEE6B8B61F0BE2BF00977F8D /* XcconfigQa.app */;
			productType = "com.apple.product-type.application";
		};
/* End PBXNativeTarget section */

/* Begin PBXProject section */
		CEE6B8AE1F0BE2BF00977F8D /* Project object */ = {
			isa = PBXProject;
			attributes = {
				CLASSPREFIX = FUT;
				LastSwiftUpdateCheck = 0830;
				LastUpgradeCheck = 0830;
				ORGANIZATIONNAME = Futurice;
				TargetAttributes = {
					CEE6B8B51F0BE2BF00977F8D = {
						CreatedOnToolsVersion = 8.3.3;
						DevelopmentTeam = DLQCQF2UW6;
						LastSwiftMigration = 0830;
						ProvisioningStyle = Manual;
					};
				};
			};
			buildConfigurationList = CEE6B8B11F0BE2BF00977F8D /* Build configuration list for PBXProject "xcconfig-sample" */;
			compatibilityVersion = "Xcode 3.2";
			developmentRegion = English;
			hasScannedForEncodings = 0;
			knownRegions = (
				en,
				Base,
			);
			mainGroup = CEE6B8AD1F0BE2BF00977F8D;
			productRefGroup = CEE6B8B71F0BE2BF00977F8D /* Products */;
			projectDirPath = "";
			projectRoot = "";
			targets = (
				CEE6B8B51F0BE2BF00977F8D /* xcconfig-sample */,
			);
		};
/* End PBXProject section */

/* Begin PBXResourcesBuildPhase section */
		CEE6B8B41F0BE2BF00977F8D /* Resources */ = {
			isa = PBXResourcesBuildPhase;
			buildActionMask = 2147483647;
			files = (
				CE3FFEBB1F5ED2F3006854CB /* Qa.xcconfig in Resources */,
				CE3FFEB41F5ED2EB006854CB /* Combine.xcconfig in Resources */,
				CE3FFEAF1F5ED2DC006854CB /* Debug.xcconfig in Resources */,
				CE3FFEBC1F5ED2F3006854CB /* Staging.xcconfig in Resources */,
				CE3FFEBA1F5ED2F3006854CB /* Production.xcconfig in Resources */,
				CEE6B8C41F0BE2BF00977F8D /* LaunchScreen.storyboard in Resources */,
				CEE6B8C11F0BE2BF00977F8D /* Assets.xcassets in Resources */,
				CE3FFEB61F5ED2EB006854CB /* Version.xcconfig in Resources */,
				CE3FFEB51F5ED2EB006854CB /* Common.xcconfig in Resources */,
				CE3FFEB01F5ED2DC006854CB /* Release.xcconfig in Resources */,
			);
			runOnlyForDeploymentPostprocessing = 0;
		};
/* End PBXResourcesBuildPhase section */

/* Begin PBXShellScriptBuildPhase section */
		0B24783B49C50C028BB10379 /* [CP] Embed Pods Frameworks */ = {
			isa = PBXShellScriptBuildPhase;
			buildActionMask = 2147483647;
			files = (
			);
			inputPaths = (
				"${SRCROOT}/Pods/Target Support Files/Pods-xcconfig-sample/Pods-xcconfig-sample-frameworks.sh",
				"${BUILT_PRODUCTS_DIR}/SnapKit/SnapKit.framework",
			);
			name = "[CP] Embed Pods Frameworks";
			outputPaths = (
				"${TARGET_BUILD_DIR}/${FRAMEWORKS_FOLDER_PATH}/SnapKit.framework",
			);
			runOnlyForDeploymentPostprocessing = 0;
			shellPath = /bin/sh;
			shellScript = "\"${SRCROOT}/Pods/Target Support Files/Pods-xcconfig-sample/Pods-xcconfig-sample-frameworks.sh\"\n";
			showEnvVarsInLog = 0;
		};
		397739EA7F1FAED0A0CA9A58 /* [CP] Copy Pods Resources */ = {
			isa = PBXShellScriptBuildPhase;
			buildActionMask = 2147483647;
			files = (
			);
			inputPaths = (
			);
			name = "[CP] Copy Pods Resources";
			outputPaths = (
			);
			runOnlyForDeploymentPostprocessing = 0;
			shellPath = /bin/sh;
			shellScript = "\"${SRCROOT}/Pods/Target Support Files/Pods-xcconfig-sample/Pods-xcconfig-sample-resources.sh\"\n";
			showEnvVarsInLog = 0;
		};
		D125B77B5AA80A636D3FA9AF /* [CP] Check Pods Manifest.lock */ = {
			isa = PBXShellScriptBuildPhase;
			buildActionMask = 2147483647;
			files = (
			);
			inputPaths = (
				"${PODS_PODFILE_DIR_PATH}/Podfile.lock",
				"${PODS_ROOT}/Manifest.lock",
			);
			name = "[CP] Check Pods Manifest.lock";
			outputPaths = (
				"$(DERIVED_FILE_DIR)/Pods-xcconfig-sample-checkManifestLockResult.txt",
			);
			runOnlyForDeploymentPostprocessing = 0;
			shellPath = /bin/sh;
			shellScript = "diff \"${PODS_PODFILE_DIR_PATH}/Podfile.lock\" \"${PODS_ROOT}/Manifest.lock\" > /dev/null\nif [ $? != 0 ] ; then\n    # print error to STDERR\n    echo \"error: The sandbox is not in sync with the Podfile.lock. Run 'pod install' or update your CocoaPods installation.\" >&2\n    exit 1\nfi\n# This output is used by Xcode 'outputs' to avoid re-running this script phase.\necho \"SUCCESS\" > \"${SCRIPT_OUTPUT_FILE_0}\"\n";
			showEnvVarsInLog = 0;
		};
/* End PBXShellScriptBuildPhase section */

/* Begin PBXSourcesBuildPhase section */
		CEE6B8B21F0BE2BF00977F8D /* Sources */ = {
			isa = PBXSourcesBuildPhase;
			buildActionMask = 2147483647;
			files = (
				CEE6B8BC1F0BE2BF00977F8D /* PeopleViewController.swift in Sources */,
				CEE6B8BA1F0BE2BF00977F8D /* AppDelegate.swift in Sources */,
				CE3EF7DE1F683A8D0066B0B0 /* Person.swift in Sources */,
				CEE6B8CE1F0BE48C00977F8D /* NSBundle+UrlAccess.m in Sources */,
			);
			runOnlyForDeploymentPostprocessing = 0;
		};
/* End PBXSourcesBuildPhase section */

/* Begin PBXVariantGroup section */
		CEE6B8C21F0BE2BF00977F8D /* LaunchScreen.storyboard */ = {
			isa = PBXVariantGroup;
			children = (
				CEE6B8C31F0BE2BF00977F8D /* Base */,
			);
			name = LaunchScreen.storyboard;
			sourceTree = "<group>";
		};
/* End PBXVariantGroup section */

/* Begin XCBuildConfiguration section */
		CE49F1EC1F55CC4500E11958 /* QaDebug */ = {
			isa = XCBuildConfiguration;
			buildSettings = {
			};
			name = QaDebug;
		};
		CE49F1ED1F55CC4500E11958 /* QaDebug */ = {
			isa = XCBuildConfiguration;
			baseConfigurationReference = CE49F1E61F55CB4800E11958 /* QaDebug.xcconfig */;
			buildSettings = {
			};
			name = QaDebug;
		};
		CE49F1EE1F55CC6600E11958 /* ProductionRelease */ = {
			isa = XCBuildConfiguration;
			buildSettings = {
			};
			name = ProductionRelease;
		};
		CE49F1EF1F55CC6600E11958 /* ProductionRelease */ = {
			isa = XCBuildConfiguration;
			baseConfigurationReference = CE49F1EB1F55CB7C00E11958 /* ProductionRelease.xcconfig */;
			buildSettings = {
			};
			name = ProductionRelease;
		};
		CE49F1F01F55CC6800E11958 /* ProductionDebug */ = {
			isa = XCBuildConfiguration;
			buildSettings = {
			};
			name = ProductionDebug;
		};
		CE49F1F11F55CC6800E11958 /* ProductionDebug */ = {
			isa = XCBuildConfiguration;
			baseConfigurationReference = CE49F1EA1F55CB7200E11958 /* ProductionDebug.xcconfig */;
			buildSettings = {
			};
			name = ProductionDebug;
		};
		CE49F1F21F55CC6B00E11958 /* StagingRelease */ = {
			isa = XCBuildConfiguration;
			buildSettings = {
			};
			name = StagingRelease;
		};
		CE49F1F31F55CC6B00E11958 /* StagingRelease */ = {
			isa = XCBuildConfiguration;
			baseConfigurationReference = CE49F1E91F55CB6700E11958 /* StagingRelease.xcconfig */;
			buildSettings = {
			};
			name = StagingRelease;
		};
		CE49F1F41F55CC6D00E11958 /* StagingDebug */ = {
			isa = XCBuildConfiguration;
			buildSettings = {
			};
			name = StagingDebug;
		};
		CE49F1F51F55CC6D00E11958 /* StagingDebug */ = {
			isa = XCBuildConfiguration;
			baseConfigurationReference = CE49F1E81F55CB5D00E11958 /* StagingDebug.xcconfig */;
			buildSettings = {
			};
			name = StagingDebug;
		};
		CE49F1F61F55CC7100E11958 /* QaRelease */ = {
			isa = XCBuildConfiguration;
			buildSettings = {
			};
			name = QaRelease;
		};
		CE49F1F71F55CC7100E11958 /* QaRelease */ = {
			isa = XCBuildConfiguration;
			baseConfigurationReference = CE49F1E71F55CB5400E11958 /* QaRelease.xcconfig */;
			buildSettings = {
			};
			name = QaRelease;
		};
/* End XCBuildConfiguration section */

/* Begin XCConfigurationList section */
		CEE6B8B11F0BE2BF00977F8D /* Build configuration list for PBXProject "xcconfig-sample" */ = {
			isa = XCConfigurationList;
			buildConfigurations = (
				CE49F1EC1F55CC4500E11958 /* QaDebug */,
				CE49F1F61F55CC7100E11958 /* QaRelease */,
				CE49F1F41F55CC6D00E11958 /* StagingDebug */,
				CE49F1F21F55CC6B00E11958 /* StagingRelease */,
				CE49F1F01F55CC6800E11958 /* ProductionDebug */,
				CE49F1EE1F55CC6600E11958 /* ProductionRelease */,
			);
			defaultConfigurationIsVisible = 0;
			defaultConfigurationName = QaDebug;
		};
		CEE6B8C81F0BE2BF00977F8D /* Build configuration list for PBXNativeTarget "xcconfig-sample" */ = {
			isa = XCConfigurationList;
			buildConfigurations = (
				CE49F1ED1F55CC4500E11958 /* QaDebug */,
				CE49F1F71F55CC7100E11958 /* QaRelease */,
				CE49F1F51F55CC6D00E11958 /* StagingDebug */,
				CE49F1F31F55CC6B00E11958 /* StagingRelease */,
				CE49F1F11F55CC6800E11958 /* ProductionDebug */,
				CE49F1EF1F55CC6600E11958 /* ProductionRelease */,
			);
			defaultConfigurationIsVisible = 0;
			defaultConfigurationName = QaDebug;
		};
/* End XCConfigurationList section */
	};
	rootObject = CEE6B8AE1F0BE2BF00977F8D /* Project object */;
}
